
Microsoft Visual Studio Solution File, Format Version 12.00
# Visual Studio Version 17
VisualStudioVersion = 17.11.35327.3
MinimumVisualStudioVersion = 10.0.40219.1
Project("{9A19103F-16F7-4668-BE54-9A1E7A4F7556}") = "TNAI_API", "TNAI_API\TNAI_API.csproj", "{E0346710-F9FF-427B-8854-BC4C8634D3E4}"
	ProjectSection(ProjectDependencies) = postProject
		{A249C8ED-E5BE-45FC-B118-F87BD424176E} = {A249C8ED-E5BE-45FC-B118-F87BD424176E}
	EndProjectSection
EndProject
Project("{9A19103F-16F7-4668-BE54-9A1E7A4F7556}") = "TNAI.Model", "TNAI.Model\TNAI.Model.csproj", "{971BC5F9-8E4A-406E-B756-648701811EDD}"
EndProject
Project("{9A19103F-16F7-4668-BE54-9A1E7A4F7556}") = "TNAI.Repository", "TNAI.Repository\TNAI.Repository.csproj", "{B8E5487A-CF4B-43EA-AC25-00CD01D9503B}"
EndProject
Project("{9A19103F-16F7-4668-BE54-9A1E7A4F7556}") = "TNAI.Dto", "TNAI.Dto\TNAI.Dto.csproj", "{E445F70C-CDDE-400E-B697-A7E14F6FF1D2}"
EndProject
Project("{9A19103F-16F7-4668-BE54-9A1E7A4F7556}") = "TNAI.Web", "TNAI.Web\TNAI.Web.csproj", "{A249C8ED-E5BE-45FC-B118-F87BD424176E}"
EndProject
Global
	GlobalSection(SolutionConfigurationPlatforms) = preSolution
		Debug|Any CPU = Debug|Any CPU
		Release|Any CPU = Release|Any CPU
	EndGlobalSection
	GlobalSection(ProjectConfigurationPlatforms) = postSolution
		{E0346710-F9FF-427B-8854-BC4C8634D3E4}.Debug|Any CPU.ActiveCfg = Debug|Any CPU
		{E0346710-F9FF-427B-8854-BC4C8634D3E4}.Debug|Any CPU.Build.0 = Debug|Any CPU
		{E0346710-F9FF-427B-8854-BC4C8634D3E4}.Release|Any CPU.ActiveCfg = Release|Any CPU
		{E0346710-F9FF-427B-8854-BC4C8634D3E4}.Release|Any CPU.Build.0 = Release|Any CPU
		{971BC5F9-8E4A-406E-B756-648701811EDD}.Debug|Any CPU.ActiveCfg = Debug|Any CPU
		{971BC5F9-8E4A-406E-B756-648701811EDD}.Debug|Any CPU.Build.0 = Debug|Any CPU
		{971BC5F9-8E4A-406E-B756-648701811EDD}.Release|Any CPU.ActiveCfg = Release|Any CPU
		{971BC5F9-8E4A-406E-B756-648701811EDD}.Release|Any CPU.Build.0 = Release|Any CPU
		{B8E5487A-CF4B-43EA-AC25-00CD01D9503B}.Debug|Any CPU.ActiveCfg = Debug|Any CPU
		{B8E5487A-CF4B-43EA-AC25-00CD01D9503B}.Debug|Any CPU.Build.0 = Debug|Any CPU
		{B8E5487A-CF4B-43EA-AC25-00CD01D9503B}.Release|Any CPU.ActiveCfg = Release|Any CPU
		{B8E5487A-CF4B-43EA-AC25-00CD01D9503B}.Release|Any CPU.Build.0 = Release|Any CPU
		{E445F70C-CDDE-400E-B697-A7E14F6FF1D2}.Debug|Any CPU.ActiveCfg = Debug|Any CPU
		{E445F70C-CDDE-400E-B697-A7E14F6FF1D2}.Debug|Any CPU.Build.0 = Debug|Any CPU
		{E445F70C-CDDE-400E-B697-A7E14F6FF1D2}.Release|Any CPU.ActiveCfg = Release|Any CPU
		{E445F70C-CDDE-400E-B697-A7E14F6FF1D2}.Release|Any CPU.Build.0 = Release|Any CPU
		{A249C8ED-E5BE-45FC-B118-F87BD424176E}.Debug|Any CPU.ActiveCfg = Debug|Any CPU
		{A249C8ED-E5BE-45FC-B118-F87BD424176E}.Debug|Any CPU.Build.0 = Debug|Any CPU
		{A249C8ED-E5BE-45FC-B118-F87BD424176E}.Release|Any CPU.ActiveCfg = Release|Any CPU
		{A249C8ED-E5BE-45FC-B118-F87BD424176E}.Release|Any CPU.Build.0 = Release|Any CPU
	EndGlobalSection
	GlobalSection(SolutionProperties) = preSolution
		HideSolutionNode = FALSE
	EndGlobalSection
	GlobalSection(ExtensibilityGlobals) = postSolution
		SolutionGuid = {2CF8097B-6691-4C4E-82D4-E2B41AE8DEB8}
	EndGlobalSection
EndGlobal
